// !$*UTF8*$!
{
	archiveVersion = 1;
	classes = {
	};
	objectVersion = 50;
	objects = {

/* Begin PBXBuildFile section */
		4D3D04D026259A470064AE89 /* AppDelegate.swift in Sources */ = {isa = PBXBuildFile; fileRef = 4D3D04CF26259A470064AE89 /* AppDelegate.swift */; };
		4D3D04D226259A470064AE89 /* SceneDelegate.swift in Sources */ = {isa = PBXBuildFile; fileRef = 4D3D04D126259A470064AE89 /* SceneDelegate.swift */; };
		4D3D04D426259A470064AE89 /* ViewController.swift in Sources */ = {isa = PBXBuildFile; fileRef = 4D3D04D326259A470064AE89 /* ViewController.swift */; };
		4D3D04D726259A470064AE89 /* Main.storyboard in Resources */ = {isa = PBXBuildFile; fileRef = 4D3D04D526259A470064AE89 /* Main.storyboard */; };
		4D3D04D926259A480064AE89 /* Assets.xcassets in Resources */ = {isa = PBXBuildFile; fileRef = 4D3D04D826259A480064AE89 /* Assets.xcassets */; };
		4D3D04DC26259A480064AE89 /* LaunchScreen.storyboard in Resources */ = {isa = PBXBuildFile; fileRef = 4D3D04DA26259A480064AE89 /* LaunchScreen.storyboard */; };
		D4C528A7F0F8D650E5734A72 /* Pods_Podstest.framework in Frameworks */ = {isa = PBXBuildFile; fileRef = 80CDD31293E8BE4023FB372B /* Pods_Podstest.framework */; };
/* End PBXBuildFile section */

/* Begin PBXFileReference section */
		008B862194CAF62E0167B39D /* Pods-Podstest.debug.xcconfig */ = {isa = PBXFileReference; includeInIndex = 1; lastKnownFileType = text.xcconfig; name = "Pods-Podstest.debug.xcconfig"; path = "Target Support Files/Pods-Podstest/Pods-Podstest.debug.xcconfig"; sourceTree = "<group>"; };
		4D3D04CC26259A470064AE89 /* Podstest.app */ = {isa = PBXFileReference; explicitFileType = wrapper.application; includeInIndex = 0; path = Podstest.app; sourceTree = BUILT_PRODUCTS_DIR; };
		4D3D04CF26259A470064AE89 /* AppDelegate.swift */ = {isa = PBXFileReference; lastKnownFileType = sourcecode.swift; path = AppDelegate.swift; sourceTree = "<group>"; };
		4D3D04D126259A470064AE89 /* SceneDelegate.swift */ = {isa = PBXFileReference; lastKnownFileType = sourcecode.swift; path = SceneDelegate.swift; sourceTree = "<group>"; };
		4D3D04D326259A470064AE89 /* ViewController.swift */ = {isa = PBXFileReference; lastKnownFileType = sourcecode.swift; path = ViewController.swift; sourceTree = "<group>"; };
		4D3D04D626259A470064AE89 /* Base */ = {isa = PBXFileReference; lastKnownFileType = file.storyboard; name = Base; path = Base.lproj/Main.storyboard; sourceTree = "<group>"; };
		4D3D04D826259A480064AE89 /* Assets.xcassets */ = {isa = PBXFileReference; lastKnownFileType = folder.assetcatalog; path = Assets.xcassets; sourceTree = "<group>"; };
		4D3D04DB26259A480064AE89 /* Base */ = {isa = PBXFileReference; lastKnownFileType = file.storyboard; name = Base; path = Base.lproj/LaunchScreen.storyboard; sourceTree = "<group>"; };
		4D3D04DD26259A480064AE89 /* Info.plist */ = {isa = PBXFileReference; lastKnownFileType = text.plist.xml; path = Info.plist; sourceTree = "<group>"; };
		80CDD31293E8BE4023FB372B /* Pods_Podstest.framework */ = {isa = PBXFileReference; explicitFileType = wrapper.framework; includeInIndex = 0; path = Pods_Podstest.framework; sourceTree = BUILT_PRODUCTS_DIR; };
		BC9FCAE797EECB2DDD4FAB80 /* Pods-Podstest.release.xcconfig */ = {isa = PBXFileReference; includeInIndex = 1; lastKnownFileType = text.xcconfig; name = "Pods-Podstest.release.xcconfig"; path = "Target Support Files/Pods-Podstest/Pods-Podstest.release.xcconfig"; sourceTree = "<group>"; };
/* End PBXFileReference section */

/* Begin PBXFrameworksBuildPhase section */
		4D3D04C926259A470064AE89 /* Frameworks */ = {
			isa = PBXFrameworksBuildPhase;
			buildActionMask = 2147483647;
			files = (
				D4C528A7F0F8D650E5734A72 /* Pods_Podstest.framework in Frameworks */,
			);
			runOnlyForDeploymentPostprocessing = 0;
		};
/* End PBXFrameworksBuildPhase section */

/* Begin PBXGroup section */
		4D3D04C326259A470064AE89 = {
			isa = PBXGroup;
			children = (
				4D3D04CE26259A470064AE89 /* Podstest */,
				4D3D04CD26259A470064AE89 /* Products */,
				7EFA7748DD2CC0F32A9B6A30 /* Pods */,
				83246545BEDC346D36F667E8 /* Frameworks */,
			);
			sourceTree = "<group>";
		};
		4D3D04CD26259A470064AE89 /* Products */ = {
			isa = PBXGroup;
			children = (
				4D3D04CC26259A470064AE89 /* Podstest.app */,
			);
			name = Products;
			sourceTree = "<group>";
		};
		4D3D04CE26259A470064AE89 /* Podstest */ = {
			isa = PBXGroup;
			children = (
				4D3D04CF26259A470064AE89 /* AppDelegate.swift */,
				4D3D04D126259A470064AE89 /* SceneDelegate.swift */,
				4D3D04D326259A470064AE89 /* ViewController.swift */,
				4D3D04D526259A470064AE89 /* Main.storyboard */,
				4D3D04D826259A480064AE89 /* Assets.xcassets */,
				4D3D04DA26259A480064AE89 /* LaunchScreen.storyboard */,
				4D3D04DD26259A480064AE89 /* Info.plist */,
			);
			path = Podstest;
			sourceTree = "<group>";
		};
		7EFA7748DD2CC0F32A9B6A30 /* Pods */ = {
			isa = PBXGroup;
			children = (
				008B862194CAF62E0167B39D /* Pods-Podstest.debug.xcconfig */,
				BC9FCAE797EECB2DDD4FAB80 /* Pods-Podstest.release.xcconfig */,
			);
			name = Pods;
			path = Pods;
			sourceTree = "<group>";
		};
		83246545BEDC346D36F667E8 /* Frameworks */ = {
			isa = PBXGroup;
			children = (
				80CDD31293E8BE4023FB372B /* Pods_Podstest.framework */,
			);
			name = Frameworks;
			sourceTree = "<group>";
		};
/* End PBXGroup section */

/* Begin PBXNativeTarget section */
		4D3D04CB26259A470064AE89 /* Podstest */ = {
			isa = PBXNativeTarget;
			buildConfigurationList = 4D3D04E026259A480064AE89 /* Build configuration list for PBXNativeTarget "Podstest" */;
			buildPhases = (
				CCAE5CEBAF0E31E3C5BA1724 /* [CP] Check Pods Manifest.lock */,
				4D3D04C826259A470064AE89 /* Sources */,
				4D3D04C926259A470064AE89 /* Frameworks */,
				4D3D04CA26259A470064AE89 /* Resources */,
				A995239DA7FD08BE9694ABA1 /* [CP] Embed Pods Frameworks */,
			);
			buildRules = (
			);
			dependencies = (
			);
			name = Podstest;
			productName = Podstest;
			productReference = 4D3D04CC26259A470064AE89 /* Podstest.app */;
			productType = "com.apple.product-type.application";
		};
/* End PBXNativeTarget section */

/* Begin PBXProject section */
		4D3D04C426259A470064AE89 /* Project object */ = {
			isa = PBXProject;
			attributes = {
				LastSwiftUpdateCheck = 1240;
				LastUpgradeCheck = 1240;
				TargetAttributes = {
					4D3D04CB26259A470064AE89 = {
						CreatedOnToolsVersion = 12.4;
					};
				};
			};
			buildConfigurationList = 4D3D04C726259A470064AE89 /* Build configuration list for PBXProject "Podstest" */;
			compatibilityVersion = "Xcode 9.3";
			developmentRegion = en;
			hasScannedForEncodings = 0;
			knownRegions = (
				en,
				Base,
			);
			mainGroup = 4D3D04C326259A470064AE89;
			productRefGroup = 4D3D04CD26259A470064AE89 /* Products */;
			projectDirPath = "";
			projectRoot = "";
			targets = (
				4D3D04CB26259A470064AE89 /* Podstest */,
			);
		};
/* End PBXProject section */

/* Begin PBXResourcesBuildPhase section */
		4D3D04CA26259A470064AE89 /* Resources */ = {
			isa = PBXResourcesBuildPhase;
			buildActionMask = 2147483647;
			files = (
				4D3D04DC26259A480064AE89 /* LaunchScreen.storyboard in Resources */,
				4D3D04D926259A480064AE89 /* Assets.xcassets in Resources */,
				4D3D04D726259A470064AE89 /* Main.storyboard in Resources */,
			);
			runOnlyForDeploymentPostprocessing = 0;
		};
/* End PBXResourcesBuildPhase section */

/* Begin PBXShellScriptBuildPhase section */
		A995239DA7FD08BE9694ABA1 /* [CP] Embed Pods Frameworks */ = {
			isa = PBXShellScriptBuildPhase;
			buildActionMask = 2147483647;
			files = (
			);
			inputFileListPaths = (
				"${PODS_ROOT}/Target Support Files/Pods-Podstest/Pods-Podstest-frameworks-${CONFIGURATION}-input-files.xcfilelist",
			);
			name = "[CP] Embed Pods Frameworks";
			outputFileListPaths = (
				"${PODS_ROOT}/Target Support Files/Pods-Podstest/Pods-Podstest-frameworks-${CONFIGURATION}-output-files.xcfilelist",
			);
			runOnlyForDeploymentPostprocessing = 0;
			shellPath = /bin/sh;
			shellScript = "\"${PODS_ROOT}/Target Support Files/Pods-Podstest/Pods-Podstest-frameworks.sh\"\n";
			showEnvVarsInLog = 0;
		};
		CCAE5CEBAF0E31E3C5BA1724 /* [CP] Check Pods Manifest.lock */ = {
			isa = PBXShellScriptBuildPhase;
			buildActionMask = 2147483647;
			files = (
			);
			inputFileListPaths = (
			);
			inputPaths = (
				"${PODS_PODFILE_DIR_PATH}/Podfile.lock",
				"${PODS_ROOT}/Manifest.lock",
			);
			name = "[CP] Check Pods Manifest.lock";
			outputFileListPaths = (
			);
			outputPaths = (
				"$(DERIVED_FILE_DIR)/Pods-Podstest-checkManifestLockResult.txt",
			);
			runOnlyForDeploymentPostprocessing = 0;
			shellPath = /bin/sh;
			shellScript = "diff \"${PODS_PODFILE_DIR_PATH}/Podfile.lock\" \"${PODS_ROOT}/Manifest.lock\" > /dev/null\nif [ $? != 0 ] ; then\n    # print error to STDERR\n    echo \"error: The sandbox is not in sync with the Podfile.lock. Run 'pod install' or update your CocoaPods installation.\" >&2\n    exit 1\nfi\n# This output is used by Xcode 'outputs' to avoid re-running this script phase.\necho \"SUCCESS\" > \"${SCRIPT_OUTPUT_FILE_0}\"\n";
			showEnvVarsInLog = 0;
		};
/* End PBXShellScriptBuildPhase section */

/* Begin PBXSourcesBuildPhase section */
		4D3D04C826259A470064AE89 /* Sources */ = {
			isa = PBXSourcesBuildPhase;
			buildActionMask = 2147483647;
			files = (
				4D3D04D426259A470064AE89 /* ViewController.swift in Sources */,
				4D3D04D026259A470064AE89 /* AppDelegate.swift in Sources */,
				4D3D04D226259A470064AE89 /* SceneDelegate.swift in Sources */,
			);
			runOnlyForDeploymentPostprocessing = 0;
		};
/* End PBXSourcesBuildPhase section */

/* Begin PBXVariantGroup section */
		4D3D04D526259A470064AE89 /* Main.storyboard */ = {
			isa = PBXVariantGroup;
			children = (
				4D3D04D626259A470064AE89 /* Base */,
			);
			name = Main.storyboard;
			sourceTree = "<group>";
		};
		4D3D04DA26259A480064AE89 /* LaunchScreen.storyboard */ = {
			isa = PBXVariantGroup;
			children = (
				4D3D04DB26259A480064AE89 /* Base */,
			);
			name = LaunchScreen.storyboard;
			sourceTree = "<group>";
		};
/* End PBXVariantGroup section */

/* Begin XCBuildConfiguration section */
		4D3D04DE26259A480064AE89 /* Debug */ = {
			isa = XCBuildConfiguration;
			buildSettings = {
				ALWAYS_SEARCH_USER_PATHS = NO;
				CLANG_ANALYZER_NONNULL = YES;
				CLANG_ANALYZER_NUMBER_OBJECT_CONVERSION = YES_AGGRESSIVE;
				CLANG_CXX_LANGUAGE_STANDARD = "gnu++14";
				CLANG_CXX_LIBRARY = "libc++";
				CLANG_ENABLE_MODULES = YES;
				CLANG_ENABLE_OBJC_ARC = YES;
				CLANG_ENABLE_OBJC_WEAK = YES;
				CLANG_WARN_BLOCK_CAPTURE_AUTORELEASING = YES;
				CLANG_WARN_BOOL_CONVERSION = YES;
				CLANG_WARN_COMMA = YES;
				CLANG_WARN_CONSTANT_CONVERSION = YES;
				CLANG_WARN_DEPRECATED_OBJC_IMPLEMENTATIONS = YES;
				CLANG_WARN_DIRECT_OBJC_ISA_USAGE = YES_ERROR;
				CLANG_WARN_DOCUMENTATION_COMMENTS = YES;
				CLANG_WARN_EMPTY_BODY = YES;
				CLANG_WARN_ENUM_CONVERSION = YES;
				CLANG_WARN_INFINITE_RECURSION = YES;
				CLANG_WARN_INT_CONVERSION = YES;
				CLANG_WARN_NON_LITERAL_NULL_CONVERSION = YES;
				CLANG_WARN_OBJC_IMPLICIT_RETAIN_SELF = YES;
				CLANG_WARN_OBJC_LITERAL_CONVERSION = YES;
				CLANG_WARN_OBJC_ROOT_CLASS = YES_ERROR;
				CLANG_WARN_QUOTED_INCLUDE_IN_FRAMEWORK_HEADER = YES;
				CLANG_WARN_RANGE_LOOP_ANALYSIS = YES;
				CLANG_WARN_STRICT_PROTOTYPES = YES;
				CLANG_WARN_SUSPICIOUS_MOVE = YES;
				CLANG_WARN_UNGUARDED_AVAILABILITY = YES_AGGRESSIVE;
				CLANG_WARN_UNREACHABLE_CODE = YES;
				CLANG_WARN__DUPLICATE_METHOD_MATCH = YES;
				COPY_PHASE_STRIP = NO;
				DEBUG_INFORMATION_FORMAT = dwarf;
				ENABLE_STRICT_OBJC_MSGSEND = YES;
				ENABLE_TESTABILITY = YES;
				GCC_C_LANGUAGE_STANDARD = gnu11;
				GCC_DYNAMIC_NO_PIC = NO;
				GCC_NO_COMMON_BLOCKS = YES;
				GCC_OPTIMIZATION_LEVEL = 0;
				GCC_PREPROCESSOR_DEFINITIONS = (
					"DEBUG=1",
					"$(inherited)",
				);
				GCC_WARN_64_TO_32_BIT_CONVERSION = YES;
				GCC_WARN_ABOUT_RETURN_TYPE = YES_ERROR;
				GCC_WARN_UNDECLARED_SELECTOR = YES;
				GCC_WARN_UNINITIALIZED_AUTOS = YES_AGGRESSIVE;
				GCC_WARN_UNUSED_FUNCTION = YES;
				GCC_WARN_UNUSED_VARIABLE = YES;
				IPHONEOS_DEPLOYMENT_TARGET = 14.4;
				MTL_ENABLE_DEBUG_INFO = INCLUDE_SOURCE;
				MTL_FAST_MATH = YES;
				ONLY_ACTIVE_ARCH = YES;
				SDKROOT = iphoneos;
				SWIFT_ACTIVE_COMPILATION_CONDITIONS = DEBUG;
				SWIFT_OPTIMIZATION_LEVEL = "-Onone";
			};
			name = Debug;
		};
		4D3D04DF26259A480064AE89 /* Release */ = {
			isa = XCBuildConfiguration;
			buildSettings = {
				ALWAYS_SEARCH_USER_PATHS = NO;
				CLANG_ANALYZER_NONNULL = YES;
				CLANG_ANALYZER_NUMBER_OBJECT_CONVERSION = YES_AGGRESSIVE;
				CLANG_CXX_LANGUAGE_STANDARD = "gnu++14";
				CLANG_CXX_LIBRARY = "libc++";
				CLANG_ENABLE_MODULES = YES;
				CLANG_ENABLE_OBJC_ARC = YES;
				CLANG_ENABLE_OBJC_WEAK = YES;
				CLANG_WARN_BLOCK_CAPTURE_AUTORELEASING = YES;
				CLANG_WARN_BOOL_CONVERSION = YES;
				CLANG_WARN_COMMA = YES;
				CLANG_WARN_CONSTANT_CONVERSION = YES;
				CLANG_WARN_DEPRECATED_OBJC_IMPLEMENTATIONS = YES;
				CLANG_WARN_DIRECT_OBJC_ISA_USAGE = YES_ERROR;
				CLANG_WARN_DOCUMENTATION_COMMENTS = YES;
				CLANG_WARN_EMPTY_BODY = YES;
				CLANG_WARN_ENUM_CONVERSION = YES;
				CLANG_WARN_INFINITE_RECURSION = YES;
				CLANG_WARN_INT_CONVERSION = YES;
				CLANG_WARN_NON_LITERAL_NULL_CONVERSION = YES;
				CLANG_WARN_OBJC_IMPLICIT_RETAIN_SELF = YES;
				CLANG_WARN_OBJC_LITERAL_CONVERSION = YES;
				CLANG_WARN_OBJC_ROOT_CLASS = YES_ERROR;
				CLANG_WARN_QUOTED_INCLUDE_IN_FRAMEWORK_HEADER = YES;
				CLANG_WARN_RANGE_LOOP_ANALYSIS = YES;
				CLANG_WARN_STRICT_PROTOTYPES = YES;
				CLANG_WARN_SUSPICIOUS_MOVE = YES;
				CLANG_WARN_UNGUARDED_AVAILABILITY = YES_AGGRESSIVE;
				CLANG_WARN_UNREACHABLE_CODE = YES;
				CLANG_WARN__DUPLICATE_METHOD_MATCH = YES;
				COPY_PHASE_STRIP = NO;
				DEBUG_INFORMATION_FORMAT = "dwarf-with-dsym";
				ENABLE_NS_ASSERTIONS = NO;
				ENABLE_STRICT_OBJC_MSGSEND = YES;
				GCC_C_LANGUAGE_STANDARD = gnu11;
				GCC_NO_COMMON_BLOCKS = YES;
				GCC_WARN_64_TO_32_BIT_CONVERSION = YES;
				GCC_WARN_ABOUT_RETURN_TYPE = YES_ERROR;
				GCC_WARN_UNDECLARED_SELECTOR = YES;
				GCC_WARN_UNINITIALIZED_AUTOS = YES_AGGRESSIVE;
				GCC_WARN_UNUSED_FUNCTION = YES;
				GCC_WARN_UNUSED_VARIABLE = YES;
				IPHONEOS_DEPLOYMENT_TARGET = 14.4;
				MTL_ENABLE_DEBUG_INFO = NO;
				MTL_FAST_MATH = YES;
				SDKROOT = iphoneos;
				SWIFT_COMPILATION_MODE = wholemodule;
				SWIFT_OPTIMIZATION_LEVEL = "-O";
				VALIDATE_PRODUCT = YES;
			};
			name = Release;
		};
		4D3D04E126259A480064AE89 /* Debug */ = {
			isa = XCBuildConfiguration;
			baseConfigurationReference = 008B862194CAF62E0167B39D /* Pods-Podstest.debug.xcconfig */;
			buildSettings = {
				ASSETCATALOG_COMPILER_APPICON_NAME = AppIcon;
				ASSETCATALOG_COMPILER_GLOBAL_ACCENT_COLOR_NAME = AccentColor;
				CODE_SIGN_STYLE = Automatic;
				INFOPLIST_FILE = Podstest/Info.plist;
				LD_RUNPATH_SEARCH_PATHS = (
					"$(inherited)",
					"@executable_path/Frameworks",
				);
				PRODUCT_BUNDLE_IDENTIFIER = com.kb.Podstest;
				PRODUCT_NAME = "$(TARGET_NAME)";
				SWIFT_VERSION = 5.0;
				TARGETED_DEVICE_FAMILY = "1,2";
			};
			name = Debug;
		};
		4D3D04E226259A480064AE89 /* Release */ = {
			isa = XCBuildConfiguration;
			baseConfigurationReference = BC9FCAE797EECB2DDD4FAB80 /* Pods-Podstest.release.xcconfig */;
			buildSettings = {
				ASSETCATALOG_COMPILER_APPICON_NAME = AppIcon;
				ASSETCATALOG_COMPILER_GLOBAL_ACCENT_COLOR_NAME = AccentColor;
				CODE_SIGN_STYLE = Automatic;
				INFOPLIST_FILE = Podstest/Info.plist;
				LD_RUNPATH_SEARCH_PATHS = (
					"$(inherited)",
					"@executable_path/Frameworks",
				);
				PRODUCT_BUNDLE_IDENTIFIER = com.kb.Podstest;
				PRODUCT_NAME = "$(TARGET_NAME)";
				SWIFT_VERSION = 5.0;
				TARGETED_DEVICE_FAMILY = "1,2";
			};
			name = Release;
		};
/* End XCBuildConfiguration section */

/* Begin XCConfigurationList section */
		4D3D04C726259A470064AE89 /* Build configuration list for PBXProject "Podstest" */ = {
			isa = XCConfigurationList;
			buildConfigurations = (
				4D3D04DE26259A480064AE89 /* Debug */,
				4D3D04DF26259A480064AE89 /* Release */,
			);
			defaultConfigurationIsVisible = 0;
			defaultConfigurationName = Release;
		};
		4D3D04E026259A480064AE89 /* Build configuration list for PBXNativeTarget "Podstest" */ = {
			isa = XCConfigurationList;
			buildConfigurations = (
				4D3D04E126259A480064AE89 /* Debug */,
				4D3D04E226259A480064AE89 /* Release */,
			);
			defaultConfigurationIsVisible = 0;
			defaultConfigurationName = Release;
		};
/* End XCConfigurationList section */
	};
	rootObject = 4D3D04C426259A470064AE89 /* Project object */;
}
